const express = require('express');
const fs = require('fs');
const path = require('path');
const pdf = require('pdf-parse/lib/pdf-parse.js'); // caminho interno evita bug do entry point

const app = express();
app.use(express.json({ limit: '50mb' }));

const PORT = process.env.PORT || 10000;
const TELEGRAM_TOKEN = process.env.TELEGRAM_TOKEN;
const AI_API_KEY = process.env.AI_API_KEY;
const AI_API_URL = process.env.AI_API_URL || "https://generativelanguage.googleapis.com/v1beta/openai/chat/completions";
const AI_MODEL = process.env.AI_MODEL || "gemini-2.5-flash";

const DATA_FILE = path.join(__dirname, 'database.json');
const MAX_HISTORICO = 20;
const MAX_PDF_CHARS = 10000;
const MAX_RETRIES = 3;

process.on('uncaughtException', (err) => console.error('ERRO NAO TRATADO:', err));
process.on('unhandledRejection', (reason) => console.error('REJEICAO NAO TRATADA:', reason));

function carregarBanco() {
  if (fs.existsSync(DATA_FILE)) {
    try {
      const dados = JSON.parse(fs.readFileSync(DATA_FILE, 'utf8'));
      if (!dados.perfisUsuarios) dados.perfisUsuarios = {};
      if (!dados.historicoConversas) dados.historicoConversas = {};
      return dados;
    } catch (e) {
      console.error('Erro ao carregar banco:', e);
    }
  }
  return { perfisUsuarios: {}, historicoConversas: {} };
}

// Serializa as escritas no arquivo para evitar corrida entre requests concorrentes
let writeQueue = Promise.resolve();
function salvarBanco(banco) {
  writeQueue = writeQueue.then(() => {
    try {
      fs.writeFileSync(DATA_FILE, JSON.stringify(banco, null, 2));
    } catch (e) {
      console.error('Erro ao salvar banco:', e);
    }
  });
}

const banco = carregarBanco();

async function enviarMensagemTelegram(chatId, text) {
  try {
    const res = await fetch(`https://api.telegram.org/bot${TELEGRAM_TOKEN}/sendMessage`, {
      method: 'POST',
      headers: { 'Content-Type': 'application/json' },
      body: JSON.stringify({ chat_id: chatId, text })
    });
    const data = await res.json();
    if (!data.ok) console.error('Telegram retornou erro:', data);
  } catch (e) {
    console.error('Erro ao enviar mensagem:', e);
  }
}

async function configurarWebhook() {
  if (!TELEGRAM_TOKEN) return console.error('TELEGRAM_TOKEN ausente');
  const baseUrl = process.env.WEBHOOK_URL || process.env.RENDER_EXTERNAL_URL;
  const webhookUrl = baseUrl
    ? `${baseUrl.replace(/\/$/, '')}/webhook`
    : 'https://telegram-gemini-bot-pmyx.onrender.com/webhook';
  try {
    const res = await fetch(`https://api.telegram.org/bot${TELEGRAM_TOKEN}/setWebhook`, {
      method: 'POST',
      headers: { 'Content-Type': 'application/json' },
      body: JSON.stringify({ url: webhookUrl })
    });
    const data = await res.json();
    console.log('Webhook configurado:', webhookUrl, JSON.stringify(data));
    console.log(`IA configurada: ${AI_API_URL} | Modelo: ${AI_MODEL}`);
  } catch (e) {
    console.error('Erro ao configurar webhook:', e);
  }
}

async function baixarArquivoTelegram(fileId) {
  const infoRes = await fetch(`https://api.telegram.org/bot${TELEGRAM_TOKEN}/getFile?file_id=${fileId}`);
  const info = await infoRes.json();
  if (!info.ok) throw new Error('Nao foi possivel obter o arquivo');
  const fileRes = await fetch(`https://api.telegram.org/file/bot${TELEGRAM_TOKEN}/${info.result.file_path}`);
  if (!fileRes.ok) throw new Error('Falha ao baixar arquivo');
  const buffer = await fileRes.arrayBuffer();
  return Buffer.from(buffer);
}

async function extrairTextoPDF(buffer) {
  try {
    const data = await pdf(buffer);
    return data.text;
  } catch (e) {
    console.error('Erro ao extrair PDF:', e);
    return null;
  }
}

async function chamarIA(mensagensParaAPI) {
  let lastError = null;
  for (let tentativa = 1; tentativa <= MAX_RETRIES; tentativa++) {
    try {
      const iaRes = await fetch(AI_API_URL, {
        method: 'POST',
        headers: {
          'Content-Type': 'application/json',
          'Authorization': `Bearer ${AI_API_KEY}`
        },
        body: JSON.stringify({ model: AI_MODEL, messages: mensagensParaAPI })
      });
      const data = await iaRes.json();

      if (data.choices && data.choices[0] && data.choices[0].message) {
        return data.choices[0].message.content;
      }
      if (data.error) {
        // Erro pode vir como string ou objeto
        const msg = typeof data.error === 'string'
          ? data.error
          : (data.error.message || JSON.stringify(data.error));
        // Erros de auth/limite nao adianta retentar
        if (iaRes.status === 401 || iaRes.status === 429) return `Erro da IA: ${msg}`;
        lastError = new Error(msg);
      } else {
        lastError = new Error('Resposta inesperada da IA');
      }
    } catch (e) {
      lastError = e;
    }
    if (tentativa < MAX_RETRIES) await new Promise(r => setTimeout(r, 1000 * tentativa));
  }
  return `Erro: ${lastError ? lastError.message : 'falha ao chamar a IA'}`;
}

app.post('/webhook', (req, res) => {
  // Responde 200 imediatamente: evita o Telegram reenviar o webhook em chamadas lentas
  res.sendStatus(200);
  const message = req.body.message;
  if (!message) return;

  processarMensagem(message).catch((err) => {
    console.error('Erro no processamento:', err);
    enviarMensagemTelegram(String(message.chat.id), 'Ocorreu um erro interno. Tente novamente.');
  });
});

async function processarMensagem(message) {
  const chatId = message.chat.id.toString();
  const userInfo = message.from || {};

  if (!banco.perfisUsuarios[chatId]) {
    banco.perfisUsuarios[chatId] = {
      first_name: userInfo.first_name || 'usuario',
      username: userInfo.username || '',
      criadoEm: new Date().toISOString()
    };
  }
  const perfil = banco.perfisUsuarios[chatId];

  if (!banco.historicoConversas[chatId]) banco.historicoConversas[chatId] = [];
  const historico = banco.historicoConversas[chatId];

  let textoUsuario = '';
  let imagemBase64 = null;
  let mimeType = 'image/jpeg';

  if (message.photo) {
    const photo = message.photo[message.photo.length - 1];
    const buffer = await baixarArquivoTelegram(photo.file_id);
    imagemBase64 = buffer.toString('base64');
    textoUsuario = message.caption || 'Analise esta imagem em detalhes.';
  } else if (message.document) {
    const buffer = await baixarArquivoTelegram(message.document.file_id);
    const mime = message.document.mime_type || '';
    if (mime === 'application/pdf') {
      const textoPDF = await extrairTextoPDF(buffer);
      if (textoPDF) {
        textoUsuario = `PDF: ${message.document.file_name}\n\n${textoPDF.substring(0, MAX_PDF_CHARS)}`;
      } else {
        textoUsuario = `Recebi o PDF "${message.document.file_name}" mas nao consegui extrair o texto.`;
      }
    } else if (mime.startsWith('image/')) {
      imagemBase64 = buffer.toString('base64');
      mimeType = mime; // usa o MIME real (png, webp, etc.)
      textoUsuario = message.caption || 'Analise esta imagem.';
    } else {
      textoUsuario = `Recebi o arquivo "${message.document.file_name}" mas nao consigo processar este tipo.`;
    }
  } else if (message.text) {
    textoUsuario = message.text;
  } else {
    return;
  }

  // Conteudo da mensagem atual (suporta imagem com o MIME correto)
  let conteudoMensagem;
  if (imagemBase64) {
    conteudoMensagem = [
      { type: 'text', text: textoUsuario },
      { type: 'image_url', image_url: { url: `data:${mimeType};base64,${imagemBase64}` } }
    ];
  } else {
    conteudoMensagem = textoUsuario;
  }

  const mensagensParaAPI = [
    {
      role: 'system',
      content: `Voce e o Bob IA, um assistente inteligente e amigavel conversando com ${perfil.first_name}. Responde sempre em portugues, de forma clara e util.`
    },
    ...historico,
    { role: 'user', content: conteudoMensagem }
  ];

  historico.push({ role: 'user', content: textoUsuario });
  if (historico.length > MAX_HISTORICO) historico.shift();

  const resposta = await chamarIA(mensagensParaAPI);

  historico.push({ role: 'assistant', content: resposta });
  if (historico.length > MAX_HISTORICO) historico.shift();
  salvarBanco(banco);

  await enviarMensagemTelegram(chatId, resposta);
}

app.get('/', (req, res) => res.send('Bob IA rodando!'));

app.listen(PORT, () => {
  console.log(`Servidor rodando na porta ${PORT}`);
  configurarWebhook();
});
